// !$*UTF8*$!
{
	archiveVersion = 1;
	classes = {
	};
	objectVersion = 46;
	objects = {

/* Begin PBXBuildFile section */
		2143576B17F5CECC00607D18 /* Foundation.framework in Frameworks */ = {isa = PBXBuildFile; fileRef = 2143576A17F5CECC00607D18 /* Foundation.framework */; };
		2143576D17F5CECC00607D18 /* CoreGraphics.framework in Frameworks */ = {isa = PBXBuildFile; fileRef = 2143576C17F5CECC00607D18 /* CoreGraphics.framework */; };
		2143576F17F5CECC00607D18 /* UIKit.framework in Frameworks */ = {isa = PBXBuildFile; fileRef = 2143576E17F5CECC00607D18 /* UIKit.framework */; };
		2143577517F5CECC00607D18 /* InfoPlist.strings in Resources */ = {isa = PBXBuildFile; fileRef = 2143577317F5CECC00607D18 /* InfoPlist.strings */; };
		2143577717F5CECC00607D18 /* main.m in Sources */ = {isa = PBXBuildFile; fileRef = 2143577617F5CECC00607D18 /* main.m */; };
		2143577B17F5CECC00607D18 /* GBAppDelegate.m in Sources */ = {isa = PBXBuildFile; fileRef = 2143577A17F5CECC00607D18 /* GBAppDelegate.m */; };
		2143577E17F5CECC00607D18 /* iPhone.storyboard in Resources */ = {isa = PBXBuildFile; fileRef = 2143577C17F5CECC00607D18 /* iPhone.storyboard */; };
		2143578317F5CECC00607D18 /* Images.xcassets in Resources */ = {isa = PBXBuildFile; fileRef = 2143578217F5CECC00607D18 /* Images.xcassets */; };
		2143578A17F5CECC00607D18 /* XCTest.framework in Frameworks */ = {isa = PBXBuildFile; fileRef = 2143578917F5CECC00607D18 /* XCTest.framework */; };
		2143578B17F5CECC00607D18 /* Foundation.framework in Frameworks */ = {isa = PBXBuildFile; fileRef = 2143576A17F5CECC00607D18 /* Foundation.framework */; };
		2143578C17F5CECC00607D18 /* UIKit.framework in Frameworks */ = {isa = PBXBuildFile; fileRef = 2143576E17F5CECC00607D18 /* UIKit.framework */; };
		2143579417F5CECC00607D18 /* InfoPlist.strings in Resources */ = {isa = PBXBuildFile; fileRef = 2143579217F5CECC00607D18 /* InfoPlist.strings */; };
		2143579617F5CECC00607D18 /* GroupBuyingIOSTests.m in Sources */ = {isa = PBXBuildFile; fileRef = 2143579517F5CECC00607D18 /* GroupBuyingIOSTests.m */; };
		214357A617F5D5E100607D18 /* GBNavigationController.m in Sources */ = {isa = PBXBuildFile; fileRef = 214357A517F5D5E100607D18 /* GBNavigationController.m */; };
		214357A917F5D79A00607D18 /* GBSplashViewController.m in Sources */ = {isa = PBXBuildFile; fileRef = 214357A817F5D79A00607D18 /* GBSplashViewController.m */; };
		214357AC17F5E4CF00607D18 /* GBTabBarController.m in Sources */ = {isa = PBXBuildFile; fileRef = 214357AB17F5E4CF00607D18 /* GBTabBarController.m */; };
		214357AF17F5E5E500607D18 /* GBOfferViewController.m in Sources */ = {isa = PBXBuildFile; fileRef = 214357AE17F5E5E500607D18 /* GBOfferViewController.m */; };
		214357B217F5E64C00607D18 /* GBTempViewController.m in Sources */ = {isa = PBXBuildFile; fileRef = 214357B117F5E64C00607D18 /* GBTempViewController.m */; };
		214357B817F60FB000607D18 /* GBCity.m in Sources */ = {isa = PBXBuildFile; fileRef = 214357B717F60FB000607D18 /* GBCity.m */; };
		214357BC17F616E600607D18 /* GBApiCityTemplate.m in Sources */ = {isa = PBXBuildFile; fileRef = 214357BB17F616E600607D18 /* GBApiCityTemplate.m */; };
		214357BF17F6170B00607D18 /* GBCityConfig.m in Sources */ = {isa = PBXBuildFile; fileRef = 214357BE17F6170B00607D18 /* GBCityConfig.m */; };
		214357C317F61DB900607D18 /* GBConnectionSettings.m in Sources */ = {isa = PBXBuildFile; fileRef = 214357C217F61DB900607D18 /* GBConnectionSettings.m */; };
		214357C717F6224800607D18 /* GBURLRequest.m in Sources */ = {isa = PBXBuildFile; fileRef = 214357C617F6224800607D18 /* GBURLRequest.m */; };
		214357D517F6274D00607D18 /* NSData+Base64.m in Sources */ = {isa = PBXBuildFile; fileRef = 214357CE17F6274D00607D18 /* NSData+Base64.m */; };
		214357D617F6274D00607D18 /* NSDate+Helpers.m in Sources */ = {isa = PBXBuildFile; fileRef = 214357D017F6274D00607D18 /* NSDate+Helpers.m */; };
		214357D717F6274D00607D18 /* NSDictionary+Helpers.m in Sources */ = {isa = PBXBuildFile; fileRef = 214357D217F6274D00607D18 /* NSDictionary+Helpers.m */; };
		214357D817F6274D00607D18 /* NSString+Encoding.m in Sources */ = {isa = PBXBuildFile; fileRef = 214357D417F6274D00607D18 /* NSString+Encoding.m */; };
		214357DA17F6279900607D18 /* CoreData.framework in Frameworks */ = {isa = PBXBuildFile; fileRef = 214357D917F6279900607D18 /* CoreData.framework */; };
		214357DC17F627A700607D18 /* Security.framework in Frameworks */ = {isa = PBXBuildFile; fileRef = 214357DB17F627A700607D18 /* Security.framework */; };
		214357DF17F628CB00607D18 /* GBApiBaseTemplate.m in Sources */ = {isa = PBXBuildFile; fileRef = 214357DE17F628CB00607D18 /* GBApiBaseTemplate.m */; };
/* End PBXBuildFile section */

/* Begin PBXContainerItemProxy section */
		2143578D17F5CECC00607D18 /* PBXContainerItemProxy */ = {
			isa = PBXContainerItemProxy;
			containerPortal = 2143575F17F5CECC00607D18 /* Project object */;
			proxyType = 1;
			remoteGlobalIDString = 2143576617F5CECC00607D18;
			remoteInfo = GroupBuyingIOS;
		};
/* End PBXContainerItemProxy section */

/* Begin PBXFileReference section */
		2143576717F5CECC00607D18 /* GroupBuyingIOS.app */ = {isa = PBXFileReference; explicitFileType = wrapper.application; includeInIndex = 0; path = GroupBuyingIOS.app; sourceTree = BUILT_PRODUCTS_DIR; };
		2143576A17F5CECC00607D18 /* Foundation.framework */ = {isa = PBXFileReference; lastKnownFileType = wrapper.framework; name = Foundation.framework; path = System/Library/Frameworks/Foundation.framework; sourceTree = SDKROOT; };
		2143576C17F5CECC00607D18 /* CoreGraphics.framework */ = {isa = PBXFileReference; lastKnownFileType = wrapper.framework; name = CoreGraphics.framework; path = System/Library/Frameworks/CoreGraphics.framework; sourceTree = SDKROOT; };
		2143576E17F5CECC00607D18 /* UIKit.framework */ = {isa = PBXFileReference; lastKnownFileType = wrapper.framework; name = UIKit.framework; path = System/Library/Frameworks/UIKit.framework; sourceTree = SDKROOT; };
		2143577217F5CECC00607D18 /* GroupBuyingIOS-Info.plist */ = {isa = PBXFileReference; lastKnownFileType = text.plist.xml; path = "GroupBuyingIOS-Info.plist"; sourceTree = "<group>"; };
		2143577417F5CECC00607D18 /* en */ = {isa = PBXFileReference; lastKnownFileType = text.plist.strings; name = en; path = en.lproj/InfoPlist.strings; sourceTree = "<group>"; };
		2143577617F5CECC00607D18 /* main.m */ = {isa = PBXFileReference; lastKnownFileType = sourcecode.c.objc; path = main.m; sourceTree = "<group>"; };
		2143577817F5CECC00607D18 /* GroupBuyingIOS-Prefix.pch */ = {isa = PBXFileReference; lastKnownFileType = sourcecode.c.h; path = "GroupBuyingIOS-Prefix.pch"; sourceTree = "<group>"; };
		2143577917F5CECC00607D18 /* GBAppDelegate.h */ = {isa = PBXFileReference; lastKnownFileType = sourcecode.c.h; path = GBAppDelegate.h; sourceTree = "<group>"; };
		2143577A17F5CECC00607D18 /* GBAppDelegate.m */ = {isa = PBXFileReference; lastKnownFileType = sourcecode.c.objc; path = GBAppDelegate.m; sourceTree = "<group>"; };
		2143577D17F5CECC00607D18 /* Base */ = {isa = PBXFileReference; lastKnownFileType = file.storyboard; name = Base; path = Base.lproj/iPhone.storyboard; sourceTree = "<group>"; };
		2143578217F5CECC00607D18 /* Images.xcassets */ = {isa = PBXFileReference; lastKnownFileType = folder.assetcatalog; path = Images.xcassets; sourceTree = "<group>"; };
		2143578817F5CECC00607D18 /* GroupBuyingIOSTests.xctest */ = {isa = PBXFileReference; explicitFileType = wrapper.cfbundle; includeInIndex = 0; path = GroupBuyingIOSTests.xctest; sourceTree = BUILT_PRODUCTS_DIR; };
		2143578917F5CECC00607D18 /* XCTest.framework */ = {isa = PBXFileReference; lastKnownFileType = wrapper.framework; name = XCTest.framework; path = Library/Frameworks/XCTest.framework; sourceTree = DEVELOPER_DIR; };
		2143579117F5CECC00607D18 /* GroupBuyingIOSTests-Info.plist */ = {isa = PBXFileReference; lastKnownFileType = text.plist.xml; path = "GroupBuyingIOSTests-Info.plist"; sourceTree = "<group>"; };
		2143579317F5CECC00607D18 /* en */ = {isa = PBXFileReference; lastKnownFileType = text.plist.strings; name = en; path = en.lproj/InfoPlist.strings; sourceTree = "<group>"; };
		2143579517F5CECC00607D18 /* GroupBuyingIOSTests.m */ = {isa = PBXFileReference; lastKnownFileType = sourcecode.c.objc; path = GroupBuyingIOSTests.m; sourceTree = "<group>"; };
		214357A417F5D5E100607D18 /* GBNavigationController.h */ = {isa = PBXFileReference; fileEncoding = 4; lastKnownFileType = sourcecode.c.h; path = GBNavigationController.h; sourceTree = "<group>"; };
		214357A517F5D5E100607D18 /* GBNavigationController.m */ = {isa = PBXFileReference; fileEncoding = 4; lastKnownFileType = sourcecode.c.objc; path = GBNavigationController.m; sourceTree = "<group>"; };
		214357A717F5D79A00607D18 /* GBSplashViewController.h */ = {isa = PBXFileReference; fileEncoding = 4; lastKnownFileType = sourcecode.c.h; path = GBSplashViewController.h; sourceTree = "<group>"; };
		214357A817F5D79A00607D18 /* GBSplashViewController.m */ = {isa = PBXFileReference; fileEncoding = 4; lastKnownFileType = sourcecode.c.objc; path = GBSplashViewController.m; sourceTree = "<group>"; };
		214357AA17F5E4CF00607D18 /* GBTabBarController.h */ = {isa = PBXFileReference; fileEncoding = 4; lastKnownFileType = sourcecode.c.h; path = GBTabBarController.h; sourceTree = "<group>"; };
		214357AB17F5E4CF00607D18 /* GBTabBarController.m */ = {isa = PBXFileReference; fileEncoding = 4; lastKnownFileType = sourcecode.c.objc; path = GBTabBarController.m; sourceTree = "<group>"; };
		214357AD17F5E5E500607D18 /* GBOfferViewController.h */ = {isa = PBXFileReference; fileEncoding = 4; lastKnownFileType = sourcecode.c.h; path = GBOfferViewController.h; sourceTree = "<group>"; };
		214357AE17F5E5E500607D18 /* GBOfferViewController.m */ = {isa = PBXFileReference; fileEncoding = 4; lastKnownFileType = sourcecode.c.objc; path = GBOfferViewController.m; sourceTree = "<group>"; };
		214357B017F5E64C00607D18 /* GBTempViewController.h */ = {isa = PBXFileReference; fileEncoding = 4; lastKnownFileType = sourcecode.c.h; path = GBTempViewController.h; sourceTree = "<group>"; };
		214357B117F5E64C00607D18 /* GBTempViewController.m */ = {isa = PBXFileReference; fileEncoding = 4; lastKnownFileType = sourcecode.c.objc; path = GBTempViewController.m; sourceTree = "<group>"; };
		214357B317F5F2BE00607D18 /* CoreLocation.framework */ = {isa = PBXFileReference; lastKnownFileType = wrapper.framework; name = CoreLocation.framework; path = System/Library/Frameworks/CoreLocation.framework; sourceTree = SDKROOT; };
		214357B617F60FB000607D18 /* GBCity.h */ = {isa = PBXFileReference; fileEncoding = 4; lastKnownFileType = sourcecode.c.h; name = GBCity.h; path = Model/GBCity.h; sourceTree = "<group>"; };
		214357B717F60FB000607D18 /* GBCity.m */ = {isa = PBXFileReference; fileEncoding = 4; lastKnownFileType = sourcecode.c.objc; name = GBCity.m; path = Model/GBCity.m; sourceTree = "<group>"; };
		214357BA17F616E600607D18 /* GBApiCityTemplate.h */ = {isa = PBXFileReference; fileEncoding = 4; lastKnownFileType = sourcecode.c.h; name = GBApiCityTemplate.h; path = API/GBApiCityTemplate.h; sourceTree = "<group>"; };
		214357BB17F616E600607D18 /* GBApiCityTemplate.m */ = {isa = PBXFileReference; fileEncoding = 4; lastKnownFileType = sourcecode.c.objc; name = GBApiCityTemplate.m; path = API/GBApiCityTemplate.m; sourceTree = "<group>"; };
		214357BD17F6170B00607D18 /* GBCityConfig.h */ = {isa = PBXFileReference; fileEncoding = 4; lastKnownFileType = sourcecode.c.h; name = GBCityConfig.h; path = Model/GBCityConfig.h; sourceTree = "<group>"; };
		214357BE17F6170B00607D18 /* GBCityConfig.m */ = {isa = PBXFileReference; fileEncoding = 4; lastKnownFileType = sourcecode.c.objc; name = GBCityConfig.m; path = Model/GBCityConfig.m; sourceTree = "<group>"; };
		214357C117F61DB900607D18 /* GBConnectionSettings.h */ = {isa = PBXFileReference; fileEncoding = 4; lastKnownFileType = sourcecode.c.h; name = GBConnectionSettings.h; path = Settings/GBConnectionSettings.h; sourceTree = "<group>"; };
		214357C217F61DB900607D18 /* GBConnectionSettings.m */ = {isa = PBXFileReference; fileEncoding = 4; lastKnownFileType = sourcecode.c.objc; name = GBConnectionSettings.m; path = Settings/GBConnectionSettings.m; sourceTree = "<group>"; };
		214357C517F6224800607D18 /* GBURLRequest.h */ = {isa = PBXFileReference; fileEncoding = 4; lastKnownFileType = sourcecode.c.h; name = GBURLRequest.h; path = Utils/GBURLRequest.h; sourceTree = "<group>"; };
		214357C617F6224800607D18 /* GBURLRequest.m */ = {isa = PBXFileReference; fileEncoding = 4; lastKnownFileType = sourcecode.c.objc; name = GBURLRequest.m; path = Utils/GBURLRequest.m; sourceTree = "<group>"; };
		214357C817F6238800607D18 /* DLog.h */ = {isa = PBXFileReference; fileEncoding = 4; lastKnownFileType = sourcecode.c.h; path = DLog.h; sourceTree = "<group>"; };
		214357CD17F6274D00607D18 /* NSData+Base64.h */ = {isa = PBXFileReference; fileEncoding = 4; lastKnownFileType = sourcecode.c.h; name = "NSData+Base64.h"; path = "Categories/NSData+Base64.h"; sourceTree = "<group>"; };
		214357CE17F6274D00607D18 /* NSData+Base64.m */ = {isa = PBXFileReference; fileEncoding = 4; lastKnownFileType = sourcecode.c.objc; name = "NSData+Base64.m"; path = "Categories/NSData+Base64.m"; sourceTree = "<group>"; };
		214357CF17F6274D00607D18 /* NSDate+Helpers.h */ = {isa = PBXFileReference; fileEncoding = 4; lastKnownFileType = sourcecode.c.h; name = "NSDate+Helpers.h"; path = "Categories/NSDate+Helpers.h"; sourceTree = "<group>"; };
		214357D017F6274D00607D18 /* NSDate+Helpers.m */ = {isa = PBXFileReference; fileEncoding = 4; lastKnownFileType = sourcecode.c.objc; name = "NSDate+Helpers.m"; path = "Categories/NSDate+Helpers.m"; sourceTree = "<group>"; };
		214357D117F6274D00607D18 /* NSDictionary+Helpers.h */ = {isa = PBXFileReference; fileEncoding = 4; lastKnownFileType = sourcecode.c.h; name = "NSDictionary+Helpers.h"; path = "Categories/NSDictionary+Helpers.h"; sourceTree = "<group>"; };
		214357D217F6274D00607D18 /* NSDictionary+Helpers.m */ = {isa = PBXFileReference; fileEncoding = 4; lastKnownFileType = sourcecode.c.objc; name = "NSDictionary+Helpers.m"; path = "Categories/NSDictionary+Helpers.m"; sourceTree = "<group>"; };
		214357D317F6274D00607D18 /* NSString+Encoding.h */ = {isa = PBXFileReference; fileEncoding = 4; lastKnownFileType = sourcecode.c.h; name = "NSString+Encoding.h"; path = "Categories/NSString+Encoding.h"; sourceTree = "<group>"; };
		214357D417F6274D00607D18 /* NSString+Encoding.m */ = {isa = PBXFileReference; fileEncoding = 4; lastKnownFileType = sourcecode.c.objc; name = "NSString+Encoding.m"; path = "Categories/NSString+Encoding.m"; sourceTree = "<group>"; };
		214357D917F6279900607D18 /* CoreData.framework */ = {isa = PBXFileReference; lastKnownFileType = wrapper.framework; name = CoreData.framework; path = System/Library/Frameworks/CoreData.framework; sourceTree = SDKROOT; };
		214357DB17F627A700607D18 /* Security.framework */ = {isa = PBXFileReference; lastKnownFileType = wrapper.framework; name = Security.framework; path = System/Library/Frameworks/Security.framework; sourceTree = SDKROOT; };
		214357DD17F628CB00607D18 /* GBApiBaseTemplate.h */ = {isa = PBXFileReference; fileEncoding = 4; lastKnownFileType = sourcecode.c.h; name = GBApiBaseTemplate.h; path = API/GBApiBaseTemplate.h; sourceTree = "<group>"; };
		214357DE17F628CB00607D18 /* GBApiBaseTemplate.m */ = {isa = PBXFileReference; fileEncoding = 4; lastKnownFileType = sourcecode.c.objc; name = GBApiBaseTemplate.m; path = API/GBApiBaseTemplate.m; sourceTree = "<group>"; };
/* End PBXFileReference section */

/* Begin PBXFrameworksBuildPhase section */
		2143576417F5CECC00607D18 /* Frameworks */ = {
			isa = PBXFrameworksBuildPhase;
			buildActionMask = 2147483647;
			files = (
				214357DC17F627A700607D18 /* Security.framework in Frameworks */,
				214357DA17F6279900607D18 /* CoreData.framework in Frameworks */,
				2143576D17F5CECC00607D18 /* CoreGraphics.framework in Frameworks */,
				2143576F17F5CECC00607D18 /* UIKit.framework in Frameworks */,
				2143576B17F5CECC00607D18 /* Foundation.framework in Frameworks */,
			);
			runOnlyForDeploymentPostprocessing = 0;
		};
		2143578517F5CECC00607D18 /* Frameworks */ = {
			isa = PBXFrameworksBuildPhase;
			buildActionMask = 2147483647;
			files = (
				2143578A17F5CECC00607D18 /* XCTest.framework in Frameworks */,
				2143578C17F5CECC00607D18 /* UIKit.framework in Frameworks */,
				2143578B17F5CECC00607D18 /* Foundation.framework in Frameworks */,
			);
			runOnlyForDeploymentPostprocessing = 0;
		};
/* End PBXFrameworksBuildPhase section */

/* Begin PBXGroup section */
		2143575E17F5CECC00607D18 = {
			isa = PBXGroup;
			children = (
				2143577017F5CECC00607D18 /* GroupBuyingIOS */,
				2143578F17F5CECC00607D18 /* GroupBuyingIOSTests */,
				2143576917F5CECC00607D18 /* Frameworks */,
				2143576817F5CECC00607D18 /* Products */,
			);
			sourceTree = "<group>";
		};
		2143576817F5CECC00607D18 /* Products */ = {
			isa = PBXGroup;
			children = (
				2143576717F5CECC00607D18 /* GroupBuyingIOS.app */,
				2143578817F5CECC00607D18 /* GroupBuyingIOSTests.xctest */,
			);
			name = Products;
			sourceTree = "<group>";
		};
		2143576917F5CECC00607D18 /* Frameworks */ = {
			isa = PBXGroup;
			children = (
				214357DB17F627A700607D18 /* Security.framework */,
				214357D917F6279900607D18 /* CoreData.framework */,
				214357B317F5F2BE00607D18 /* CoreLocation.framework */,
				2143576A17F5CECC00607D18 /* Foundation.framework */,
				2143576C17F5CECC00607D18 /* CoreGraphics.framework */,
				2143576E17F5CECC00607D18 /* UIKit.framework */,
				2143578917F5CECC00607D18 /* XCTest.framework */,
			);
			name = Frameworks;
			sourceTree = "<group>";
		};
		2143577017F5CECC00607D18 /* GroupBuyingIOS */ = {
			isa = PBXGroup;
			children = (
				214357B917F6164800607D18 /* API */,
				214357CC17F6273F00607D18 /* Categories */,
				214357B517F60F9D00607D18 /* Model */,
				214357C017F61D8B00607D18 /* Settings */,
				214357C417F6220F00607D18 /* Utils */,
				214357A017F5D1CC00607D18 /* ViewControllers */,
				2143577C17F5CECC00607D18 /* iPhone.storyboard */,
				2143578217F5CECC00607D18 /* Images.xcassets */,
				2143577117F5CECC00607D18 /* Supporting Files */,
			);
			path = GroupBuyingIOS;
			sourceTree = "<group>";
		};
		2143577117F5CECC00607D18 /* Supporting Files */ = {
			isa = PBXGroup;
			children = (
				214357C817F6238800607D18 /* DLog.h */,
				2143577917F5CECC00607D18 /* GBAppDelegate.h */,
				2143577A17F5CECC00607D18 /* GBAppDelegate.m */,
				2143577217F5CECC00607D18 /* GroupBuyingIOS-Info.plist */,
				2143577317F5CECC00607D18 /* InfoPlist.strings */,
				2143577617F5CECC00607D18 /* main.m */,
				2143577817F5CECC00607D18 /* GroupBuyingIOS-Prefix.pch */,
			);
			name = "Supporting Files";
			sourceTree = "<group>";
		};
		2143578F17F5CECC00607D18 /* GroupBuyingIOSTests */ = {
			isa = PBXGroup;
			children = (
				2143579517F5CECC00607D18 /* GroupBuyingIOSTests.m */,
				2143579017F5CECC00607D18 /* Supporting Files */,
			);
			path = GroupBuyingIOSTests;
			sourceTree = "<group>";
		};
		2143579017F5CECC00607D18 /* Supporting Files */ = {
			isa = PBXGroup;
			children = (
				2143579117F5CECC00607D18 /* GroupBuyingIOSTests-Info.plist */,
				2143579217F5CECC00607D18 /* InfoPlist.strings */,
			);
			name = "Supporting Files";
			sourceTree = "<group>";
		};
		214357A017F5D1CC00607D18 /* ViewControllers */ = {
			isa = PBXGroup;
			children = (
				214357A417F5D5E100607D18 /* GBNavigationController.h */,
				214357A517F5D5E100607D18 /* GBNavigationController.m */,
				214357A717F5D79A00607D18 /* GBSplashViewController.h */,
				214357A817F5D79A00607D18 /* GBSplashViewController.m */,
				214357AA17F5E4CF00607D18 /* GBTabBarController.h */,
				214357AB17F5E4CF00607D18 /* GBTabBarController.m */,
				214357AD17F5E5E500607D18 /* GBOfferViewController.h */,
				214357AE17F5E5E500607D18 /* GBOfferViewController.m */,
				214357B017F5E64C00607D18 /* GBTempViewController.h */,
				214357B117F5E64C00607D18 /* GBTempViewController.m */,
			);
			path = ViewControllers;
			sourceTree = "<group>";
		};
		214357B517F60F9D00607D18 /* Model */ = {
			isa = PBXGroup;
			children = (
				214357B617F60FB000607D18 /* GBCity.h */,
				214357B717F60FB000607D18 /* GBCity.m */,
				214357BD17F6170B00607D18 /* GBCityConfig.h */,
				214357BE17F6170B00607D18 /* GBCityConfig.m */,
			);
			name = Model;
			sourceTree = "<group>";
		};
		214357B917F6164800607D18 /* API */ = {
			isa = PBXGroup;
			children = (
				214357DD17F628CB00607D18 /* GBApiBaseTemplate.h */,
				214357DE17F628CB00607D18 /* GBApiBaseTemplate.m */,
				214357BA17F616E600607D18 /* GBApiCityTemplate.h */,
				214357BB17F616E600607D18 /* GBApiCityTemplate.m */,
			);
			name = API;
			sourceTree = "<group>";
		};
		214357C017F61D8B00607D18 /* Settings */ = {
			isa = PBXGroup;
			children = (
				214357C117F61DB900607D18 /* GBConnectionSettings.h */,
				214357C217F61DB900607D18 /* GBConnectionSettings.m */,
			);
			name = Settings;
			sourceTree = "<group>";
		};
		214357C417F6220F00607D18 /* Utils */ = {
			isa = PBXGroup;
			children = (
				214357C517F6224800607D18 /* GBURLRequest.h */,
				214357C617F6224800607D18 /* GBURLRequest.m */,
			);
			name = Utils;
			sourceTree = "<group>";
		};
		214357CC17F6273F00607D18 /* Categories */ = {
			isa = PBXGroup;
			children = (
				214357CD17F6274D00607D18 /* NSData+Base64.h */,
				214357CE17F6274D00607D18 /* NSData+Base64.m */,
				214357CF17F6274D00607D18 /* NSDate+Helpers.h */,
				214357D017F6274D00607D18 /* NSDate+Helpers.m */,
				214357D117F6274D00607D18 /* NSDictionary+Helpers.h */,
				214357D217F6274D00607D18 /* NSDictionary+Helpers.m */,
				214357D317F6274D00607D18 /* NSString+Encoding.h */,
				214357D417F6274D00607D18 /* NSString+Encoding.m */,
			);
			name = Categories;
			sourceTree = "<group>";
		};
/* End PBXGroup section */

/* Begin PBXNativeTarget section */
		2143576617F5CECC00607D18 /* GroupBuyingIOS */ = {
			isa = PBXNativeTarget;
			buildConfigurationList = 2143579917F5CECC00607D18 /* Build configuration list for PBXNativeTarget "GroupBuyingIOS" */;
			buildPhases = (
				2143576317F5CECC00607D18 /* Sources */,
				2143576417F5CECC00607D18 /* Frameworks */,
				2143576517F5CECC00607D18 /* Resources */,
			);
			buildRules = (
			);
			dependencies = (
			);
			name = GroupBuyingIOS;
			productName = GroupBuyingIOS;
			productReference = 2143576717F5CECC00607D18 /* GroupBuyingIOS.app */;
			productType = "com.apple.product-type.application";
		};
		2143578717F5CECC00607D18 /* GroupBuyingIOSTests */ = {
			isa = PBXNativeTarget;
			buildConfigurationList = 2143579C17F5CECC00607D18 /* Build configuration list for PBXNativeTarget "GroupBuyingIOSTests" */;
			buildPhases = (
				2143578417F5CECC00607D18 /* Sources */,
				2143578517F5CECC00607D18 /* Frameworks */,
				2143578617F5CECC00607D18 /* Resources */,
			);
			buildRules = (
			);
			dependencies = (
				2143578E17F5CECC00607D18 /* PBXTargetDependency */,
			);
			name = GroupBuyingIOSTests;
			productName = GroupBuyingIOSTests;
			productReference = 2143578817F5CECC00607D18 /* GroupBuyingIOSTests.xctest */;
			productType = "com.apple.product-type.bundle.unit-test";
		};
/* End PBXNativeTarget section */

/* Begin PBXProject section */
		2143575F17F5CECC00607D18 /* Project object */ = {
			isa = PBXProject;
			attributes = {
				CLASSPREFIX = GB;
				LastUpgradeCheck = 0500;
				ORGANIZATIONNAME = "Piotr Zawadzki";
				TargetAttributes = {
					2143578717F5CECC00607D18 = {
						TestTargetID = 2143576617F5CECC00607D18;
					};
				};
			};
			buildConfigurationList = 2143576217F5CECC00607D18 /* Build configuration list for PBXProject "GroupBuyingIOS" */;
			compatibilityVersion = "Xcode 3.2";
			developmentRegion = English;
			hasScannedForEncodings = 0;
			knownRegions = (
				en,
				Base,
			);
			mainGroup = 2143575E17F5CECC00607D18;
			productRefGroup = 2143576817F5CECC00607D18 /* Products */;
			projectDirPath = "";
			projectRoot = "";
			targets = (
				2143576617F5CECC00607D18 /* GroupBuyingIOS */,
				2143578717F5CECC00607D18 /* GroupBuyingIOSTests */,
			);
		};
/* End PBXProject section */

/* Begin PBXResourcesBuildPhase section */
		2143576517F5CECC00607D18 /* Resources */ = {
			isa = PBXResourcesBuildPhase;
			buildActionMask = 2147483647;
			files = (
				2143578317F5CECC00607D18 /* Images.xcassets in Resources */,
				2143577517F5CECC00607D18 /* InfoPlist.strings in Resources */,
				2143577E17F5CECC00607D18 /* iPhone.storyboard in Resources */,
			);
			runOnlyForDeploymentPostprocessing = 0;
		};
		2143578617F5CECC00607D18 /* Resources */ = {
			isa = PBXResourcesBuildPhase;
			buildActionMask = 2147483647;
			files = (
				2143579417F5CECC00607D18 /* InfoPlist.strings in Resources */,
			);
			runOnlyForDeploymentPostprocessing = 0;
		};
/* End PBXResourcesBuildPhase section */

/* Begin PBXSourcesBuildPhase section */
		2143576317F5CECC00607D18 /* Sources */ = {
			isa = PBXSourcesBuildPhase;
			buildActionMask = 2147483647;
			files = (
				214357B217F5E64C00607D18 /* GBTempViewController.m in Sources */,
				214357C317F61DB900607D18 /* GBConnectionSettings.m in Sources */,
				214357A617F5D5E100607D18 /* GBNavigationController.m in Sources */,
				214357D517F6274D00607D18 /* NSData+Base64.m in Sources */,
				214357D617F6274D00607D18 /* NSDate+Helpers.m in Sources */,
				2143577717F5CECC00607D18 /* main.m in Sources */,
				214357D717F6274D00607D18 /* NSDictionary+Helpers.m in Sources */,
				214357DF17F628CB00607D18 /* GBApiBaseTemplate.m in Sources */,
				214357BC17F616E600607D18 /* GBApiCityTemplate.m in Sources */,
				214357AC17F5E4CF00607D18 /* GBTabBarController.m in Sources */,
				214357D817F6274D00607D18 /* NSString+Encoding.m in Sources */,
				214357C717F6224800607D18 /* GBURLRequest.m in Sources */,
				214357BF17F6170B00607D18 /* GBCityConfig.m in Sources */,
				214357A917F5D79A00607D18 /* GBSplashViewController.m in Sources */,
				214357B817F60FB000607D18 /* GBCity.m in Sources */,
				214357AF17F5E5E500607D18 /* GBOfferViewController.m in Sources */,
				2143577B17F5CECC00607D18 /* GBAppDelegate.m in Sources */,
			);
			runOnlyForDeploymentPostprocessing = 0;
		};
		2143578417F5CECC00607D18 /* Sources */ = {
			isa = PBXSourcesBuildPhase;
			buildActionMask = 2147483647;
			files = (
				2143579617F5CECC00607D18 /* GroupBuyingIOSTests.m in Sources */,
			);
			runOnlyForDeploymentPostprocessing = 0;
		};
/* End PBXSourcesBuildPhase section */

/* Begin PBXTargetDependency section */
		2143578E17F5CECC00607D18 /* PBXTargetDependency */ = {
			isa = PBXTargetDependency;
			target = 2143576617F5CECC00607D18 /* GroupBuyingIOS */;
			targetProxy = 2143578D17F5CECC00607D18 /* PBXContainerItemProxy */;
		};
/* End PBXTargetDependency section */

/* Begin PBXVariantGroup section */
		2143577317F5CECC00607D18 /* InfoPlist.strings */ = {
			isa = PBXVariantGroup;
			children = (
				2143577417F5CECC00607D18 /* en */,
			);
			name = InfoPlist.strings;
			sourceTree = "<group>";
		};
		2143577C17F5CECC00607D18 /* iPhone.storyboard */ = {
			isa = PBXVariantGroup;
			children = (
				2143577D17F5CECC00607D18 /* Base */,
			);
			name = iPhone.storyboard;
			sourceTree = "<group>";
		};
		2143579217F5CECC00607D18 /* InfoPlist.strings */ = {
			isa = PBXVariantGroup;
			children = (
				2143579317F5CECC00607D18 /* en */,
			);
			name = InfoPlist.strings;
			sourceTree = "<group>";
		};
/* End PBXVariantGroup section */

/* Begin XCBuildConfiguration section */
		2143579717F5CECC00607D18 /* Debug */ = {
			isa = XCBuildConfiguration;
			buildSettings = {
				ALWAYS_SEARCH_USER_PATHS = NO;
				ARCHS = "$(ARCHS_STANDARD_INCLUDING_64_BIT)";
				CLANG_CXX_LANGUAGE_STANDARD = "gnu++0x";
				CLANG_CXX_LIBRARY = "libc++";
				CLANG_ENABLE_MODULES = YES;
				CLANG_ENABLE_OBJC_ARC = YES;
				CLANG_WARN_BOOL_CONVERSION = YES;
				CLANG_WARN_CONSTANT_CONVERSION = YES;
				CLANG_WARN_DIRECT_OBJC_ISA_USAGE = YES_ERROR;
				CLANG_WARN_EMPTY_BODY = YES;
				CLANG_WARN_ENUM_CONVERSION = YES;
				CLANG_WARN_INT_CONVERSION = YES;
				CLANG_WARN_OBJC_ROOT_CLASS = YES_ERROR;
				CLANG_WARN__DUPLICATE_METHOD_MATCH = YES;
				"CODE_SIGN_IDENTITY[sdk=iphoneos*]" = "iPhone Developer";
				COPY_PHASE_STRIP = NO;
				GCC_C_LANGUAGE_STANDARD = gnu99;
				GCC_DYNAMIC_NO_PIC = NO;
				GCC_OPTIMIZATION_LEVEL = 0;
				GCC_PREPROCESSOR_DEFINITIONS = (
					"DEBUG=1",
					"$(inherited)",
				);
				GCC_SYMBOLS_PRIVATE_EXTERN = NO;
				GCC_WARN_64_TO_32_BIT_CONVERSION = YES;
				GCC_WARN_ABOUT_RETURN_TYPE = YES_ERROR;
				GCC_WARN_UNDECLARED_SELECTOR = YES;
				GCC_WARN_UNINITIALIZED_AUTOS = YES;
				GCC_WARN_UNUSED_FUNCTION = YES;
				GCC_WARN_UNUSED_VARIABLE = YES;
				IPHONEOS_DEPLOYMENT_TARGET = 6.0;
				ONLY_ACTIVE_ARCH = YES;
				SDKROOT = iphoneos;
			};
			name = Debug;
		};
		2143579817F5CECC00607D18 /* Release */ = {
			isa = XCBuildConfiguration;
			buildSettings = {
				ALWAYS_SEARCH_USER_PATHS = NO;
				ARCHS = "$(ARCHS_STANDARD_INCLUDING_64_BIT)";
				CLANG_CXX_LANGUAGE_STANDARD = "gnu++0x";
				CLANG_CXX_LIBRARY = "libc++";
				CLANG_ENABLE_MODULES = YES;
				CLANG_ENABLE_OBJC_ARC = YES;
				CLANG_WARN_BOOL_CONVERSION = YES;
				CLANG_WARN_CONSTANT_CONVERSION = YES;
				CLANG_WARN_DIRECT_OBJC_ISA_USAGE = YES_ERROR;
				CLANG_WARN_EMPTY_BODY = YES;
				CLANG_WARN_ENUM_CONVERSION = YES;
				CLANG_WARN_INT_CONVERSION = YES;
				CLANG_WARN_OBJC_ROOT_CLASS = YES_ERROR;
				CLANG_WARN__DUPLICATE_METHOD_MATCH = YES;
				"CODE_SIGN_IDENTITY[sdk=iphoneos*]" = "iPhone Developer";
				COPY_PHASE_STRIP = YES;
				ENABLE_NS_ASSERTIONS = NO;
				GCC_C_LANGUAGE_STANDARD = gnu99;
				GCC_WARN_64_TO_32_BIT_CONVERSION = YES;
				GCC_WARN_ABOUT_RETURN_TYPE = YES_ERROR;
				GCC_WARN_UNDECLARED_SELECTOR = YES;
				GCC_WARN_UNINITIALIZED_AUTOS = YES;
				GCC_WARN_UNUSED_FUNCTION = YES;
				GCC_WARN_UNUSED_VARIABLE = YES;
				IPHONEOS_DEPLOYMENT_TARGET = 6.0;
				SDKROOT = iphoneos;
				VALIDATE_PRODUCT = YES;
			};
			name = Release;
		};
		2143579A17F5CECC00607D18 /* Debug */ = {
			isa = XCBuildConfiguration;
			buildSettings = {
				ASSETCATALOG_COMPILER_APPICON_NAME = AppIcon;
				ASSETCATALOG_COMPILER_LAUNCHIMAGE_NAME = LaunchImage;
				GCC_PRECOMPILE_PREFIX_HEADER = YES;
				GCC_PREFIX_HEADER = "GroupBuyingIOS/GroupBuyingIOS-Prefix.pch";
				INFOPLIST_FILE = "GroupBuyingIOS/GroupBuyingIOS-Info.plist";
				PRODUCT_NAME = "$(TARGET_NAME)";
				WRAPPER_EXTENSION = app;
			};
			name = Debug;
		};
		2143579B17F5CECC00607D18 /* Release */ = {
			isa = XCBuildConfiguration;
			buildSettings = {
				ASSETCATALOG_COMPILER_APPICON_NAME = AppIcon;
				ASSETCATALOG_COMPILER_LAUNCHIMAGE_NAME = LaunchImage;
				GCC_PRECOMPILE_PREFIX_HEADER = YES;
				GCC_PREFIX_HEADER = "GroupBuyingIOS/GroupBuyingIOS-Prefix.pch";
				INFOPLIST_FILE = "GroupBuyingIOS/GroupBuyingIOS-Info.plist";
				PRODUCT_NAME = "$(TARGET_NAME)";
				WRAPPER_EXTENSION = app;
			};
			name = Release;
		};
		2143579D17F5CECC00607D18 /* Debug */ = {
			isa = XCBuildConfiguration;
			buildSettings = {
				ARCHS = "$(ARCHS_STANDARD_INCLUDING_64_BIT)";
				BUNDLE_LOADER = "$(BUILT_PRODUCTS_DIR)/GroupBuyingIOS.app/GroupBuyingIOS";
				FRAMEWORK_SEARCH_PATHS = (
					"$(SDKROOT)/Developer/Library/Frameworks",
					"$(inherited)",
					"$(DEVELOPER_FRAMEWORKS_DIR)",
				);
				GCC_PRECOMPILE_PREFIX_HEADER = YES;
				GCC_PREFIX_HEADER = "GroupBuyingIOS/GroupBuyingIOS-Prefix.pch";
				GCC_PREPROCESSOR_DEFINITIONS = (
					"DEBUG=1",
					"$(inherited)",
				);
				INFOPLIST_FILE = "GroupBuyingIOSTests/GroupBuyingIOSTests-Info.plist";
				PRODUCT_NAME = "$(TARGET_NAME)";
				TEST_HOST = "$(BUNDLE_LOADER)";
				WRAPPER_EXTENSION = xctest;
			};
			name = Debug;
		};
		2143579E17F5CECC00607D18 /* Release */ = {
			isa = XCBuildConfiguration;
			buildSettings = {
				ARCHS = "$(ARCHS_STANDARD_INCLUDING_64_BIT)";
				BUNDLE_LOADER = "$(BUILT_PRODUCTS_DIR)/GroupBuyingIOS.app/GroupBuyingIOS";
				FRAMEWORK_SEARCH_PATHS = (
					"$(SDKROOT)/Developer/Library/Frameworks",
					"$(inherited)",
					"$(DEVELOPER_FRAMEWORKS_DIR)",
				);
				GCC_PRECOMPILE_PREFIX_HEADER = YES;
				GCC_PREFIX_HEADER = "GroupBuyingIOS/GroupBuyingIOS-Prefix.pch";
				INFOPLIST_FILE = "GroupBuyingIOSTests/GroupBuyingIOSTests-Info.plist";
				PRODUCT_NAME = "$(TARGET_NAME)";
				TEST_HOST = "$(BUNDLE_LOADER)";
				WRAPPER_EXTENSION = xctest;
			};
			name = Release;
		};
/* End XCBuildConfiguration section */

/* Begin XCConfigurationList section */
		2143576217F5CECC00607D18 /* Build configuration list for PBXProject "GroupBuyingIOS" */ = {
			isa = XCConfigurationList;
			buildConfigurations = (
				2143579717F5CECC00607D18 /* Debug */,
				2143579817F5CECC00607D18 /* Release */,
			);
			defaultConfigurationIsVisible = 0;
			defaultConfigurationName = Release;
		};
		2143579917F5CECC00607D18 /* Build configuration list for PBXNativeTarget "GroupBuyingIOS" */ = {
			isa = XCConfigurationList;
			buildConfigurations = (
				2143579A17F5CECC00607D18 /* Debug */,
				2143579B17F5CECC00607D18 /* Release */,
			);
			defaultConfigurationIsVisible = 0;
			defaultConfigurationName = Release;
		};
		2143579C17F5CECC00607D18 /* Build configuration list for PBXNativeTarget "GroupBuyingIOSTests" */ = {
			isa = XCConfigurationList;
			buildConfigurations = (
				2143579D17F5CECC00607D18 /* Debug */,
				2143579E17F5CECC00607D18 /* Release */,
			);
			defaultConfigurationIsVisible = 0;
			defaultConfigurationName = Release;
		};
/* End XCConfigurationList section */
	};
	rootObject = 2143575F17F5CECC00607D18 /* Project object */;
}
